
Microsoft Visual Studio Solution File, Format Version 12.00
# Visual Studio 15
VisualStudioVersion = 15.0.28307.539
MinimumVisualStudioVersion = 10.0.40219.1
Project("{FAE04EC0-301F-11D3-BF4B-00C04F79EFBC}") = "PopOrgChart", "PopOrgChart\PopOrgChart.csproj", "{2C005F56-585A-4576-A8E7-9590BE82C5BF}"
EndProject
Global
	GlobalSection(SolutionConfigurationPlatforms) = preSolution
		Debug|Any CPU = Debug|Any CPU
		Release|Any CPU = Release|Any CPU
	EndGlobalSection
	GlobalSection(ProjectConfigurationPlatforms) = postSolution
		{2C005F56-585A-4576-A8E7-9590BE82C5BF}.Debug|Any CPU.ActiveCfg = Debug|Any CPU
		{2C005F56-585A-4576-A8E7-9590BE82C5BF}.Debug|Any CPU.Build.0 = Debug|Any CPU
		{2C005F56-585A-4576-A8E7-9590BE82C5BF}.Release|Any CPU.ActiveCfg = Release|Any CPU
		{2C005F56-585A-4576-A8E7-9590BE82C5BF}.Release|Any CPU.Build.0 = Release|Any CPU
	EndGlobalSection
	GlobalSection(SolutionProperties) = preSolution
		HideSolutionNode = FALSE
	EndGlobalSection
	GlobalSection(ExtensibilityGlobals) = postSolution
		SolutionGuid = {EF0E724E-9586-4E4E-B641-5298CD26B1D5}
	EndGlobalSection
	GlobalSection(TeamFoundationVersionControl) = preSolution
		SccNumberOfProjects = 2
		SccEnterpriseProvider = {4CA58AB2-18FA-4F8D-95D4-32DDF27D184C}
		SccTeamFoundationServer = http://wptfsvr:8080/tfs/waypoint
		SccLocalPath0 = .
		SccProjectUniqueName1 = PopOrgChart\\PopOrgChart.csproj
		SccProjectName1 = PopOrgChart
		SccLocalPath1 = PopOrgChart
	EndGlobalSection
EndGlobal
